{
  "name": "ts2kt",
  "version": "0.1.4",
  "lockfileVersion": 1,
  "requires": true,
  "dependencies": {
    "kotlin": {
      "version": "1.3.0",
      "resolved": "https://registry.npmjs.org/kotlin/-/kotlin-1.3.0.tgz",
      "integrity": "sha512-ZPfhxCv8w+cTXDJoxyuOrNgjfNh7s01xHxw+AqC/10fAEdbrK4aW5bx4ViqpdO58ldi8YlZq4owTa/491C7Lcw=="
    },
    "typescript": {
      "version": "2.6.2",
      "resolved": "https://registry.npmjs.org/typescript/-/typescript-2.6.2.tgz",
      "integrity": "sha1-PFtv1/beCRQmkCfwPAlGdY92c6Q="
    }
  }
}
